
Microsoft Visual Studio Solution File, Format Version 12.00
# Visual Studio Version 17
VisualStudioVersion = 17.5.002.0
MinimumVisualStudioVersion = 10.0.40219.1
Project("{2150E333-8FDC-42A3-9474-1A3956D46DE8}") = "Back", "Back", "{E16DA09A-3733-4F5A-B18A-6389C61DD8C6}"
EndProject
Project("{2150E333-8FDC-42A3-9474-1A3956D46DE8}") = "src", "src", "{087996C7-827E-41EE-8D78-26866CBCB305}"
EndProject
Project("{9A19103F-16F7-4668-BE54-9A1E7A4F7556}") = "ProEventos.API", "Back\src\ProEventos.API\ProEventos.API.csproj", "{89419371-6C4A-4DBF-977C-FBF1331F75D0}"
EndProject
Global
	GlobalSection(SolutionConfigurationPlatforms) = preSolution
		Debug|Any CPU = Debug|Any CPU
		Release|Any CPU = Release|Any CPU
	EndGlobalSection
	GlobalSection(ProjectConfigurationPlatforms) = postSolution
		{89419371-6C4A-4DBF-977C-FBF1331F75D0}.Debug|Any CPU.ActiveCfg = Debug|Any CPU
		{89419371-6C4A-4DBF-977C-FBF1331F75D0}.Debug|Any CPU.Build.0 = Debug|Any CPU
		{89419371-6C4A-4DBF-977C-FBF1331F75D0}.Release|Any CPU.ActiveCfg = Release|Any CPU
		{89419371-6C4A-4DBF-977C-FBF1331F75D0}.Release|Any CPU.Build.0 = Release|Any CPU
	EndGlobalSection
	GlobalSection(SolutionProperties) = preSolution
		HideSolutionNode = FALSE
	EndGlobalSection
	GlobalSection(NestedProjects) = preSolution
		{087996C7-827E-41EE-8D78-26866CBCB305} = {E16DA09A-3733-4F5A-B18A-6389C61DD8C6}
		{89419371-6C4A-4DBF-977C-FBF1331F75D0} = {087996C7-827E-41EE-8D78-26866CBCB305}
	EndGlobalSection
	GlobalSection(ExtensibilityGlobals) = postSolution
		SolutionGuid = {2194B9D6-4FC2-4083-81EF-C5BFE7D2C7AB}
	EndGlobalSection
EndGlobal
