
Microsoft Visual Studio Solution File, Format Version 12.00
# Visual Studio Version 17
VisualStudioVersion = 17.5.002.0
MinimumVisualStudioVersion = 10.0.40219.1
Project("{2150E333-8FDC-42A3-9474-1A3956D46DE8}") = "Back", "Back", "{AC47110E-AE4D-4120-90B7-8E33873EAB50}"
EndProject
Project("{2150E333-8FDC-42A3-9474-1A3956D46DE8}") = "src", "src", "{F74709A0-BBE8-47EA-A44A-E6113E6A8CFD}"
EndProject
Project("{9A19103F-16F7-4668-BE54-9A1E7A4F7556}") = "ProEventos.API", "Back\src\ProEventos.API\ProEventos.API.csproj", "{83EC083B-F5CC-4DF1-A9A2-5F41B177E2AE}"
EndProject
Global
	GlobalSection(SolutionConfigurationPlatforms) = preSolution
		Debug|Any CPU = Debug|Any CPU
		Release|Any CPU = Release|Any CPU
	EndGlobalSection
	GlobalSection(ProjectConfigurationPlatforms) = postSolution
		{83EC083B-F5CC-4DF1-A9A2-5F41B177E2AE}.Debug|Any CPU.ActiveCfg = Debug|Any CPU
		{83EC083B-F5CC-4DF1-A9A2-5F41B177E2AE}.Debug|Any CPU.Build.0 = Debug|Any CPU
		{83EC083B-F5CC-4DF1-A9A2-5F41B177E2AE}.Release|Any CPU.ActiveCfg = Release|Any CPU
		{83EC083B-F5CC-4DF1-A9A2-5F41B177E2AE}.Release|Any CPU.Build.0 = Release|Any CPU
	EndGlobalSection
	GlobalSection(SolutionProperties) = preSolution
		HideSolutionNode = FALSE
	EndGlobalSection
	GlobalSection(NestedProjects) = preSolution
		{F74709A0-BBE8-47EA-A44A-E6113E6A8CFD} = {AC47110E-AE4D-4120-90B7-8E33873EAB50}
		{83EC083B-F5CC-4DF1-A9A2-5F41B177E2AE} = {F74709A0-BBE8-47EA-A44A-E6113E6A8CFD}
	EndGlobalSection
	GlobalSection(ExtensibilityGlobals) = postSolution
		SolutionGuid = {475C5583-2099-458E-B440-2C4EE5B258D4}
	EndGlobalSection
EndGlobal
